
Microsoft Visual Studio Solution File, Format Version 12.00
# Visual Studio Version 17
VisualStudioVersion = 17.6.33717.318
MinimumVisualStudioVersion = 10.0.40219.1
Project("{FAE04EC0-301F-11D3-BF4B-00C04F79EFBC}") = "ProXamlToolbox", "ProXamlToolbox\ProXamlToolbox.csproj", "{4EFFD54E-DC16-41E7-A523-AF78EF8AF4D3}"
EndProject
Project("{FAE04EC0-301F-11D3-BF4B-00C04F79EFBC}") = "ProXamlToolbox.Tests", "ProXamlToolbox.Tests\ProXamlToolbox.Tests.csproj", "{D3B81B5D-157E-4E08-8B50-8545A9E434C4}"
EndProject
Project("{2150E333-8FDC-42A3-9474-1A3956D46DE8}") = "Solution Items", "Solution Items", "{14A7D258-9BCC-45AF-81A0-017E9BCDC870}"
	ProjectSection(SolutionItems) = preProject
		..\README.md = ..\README.md
	EndProjectSection
EndProject
Global
	GlobalSection(SolutionConfigurationPlatforms) = preSolution
		Debug|Any CPU = Debug|Any CPU
		Debug|arm64 = Debug|arm64
		Debug|x86 = Debug|x86
		Release|Any CPU = Release|Any CPU
		Release|arm64 = Release|arm64
		Release|x86 = Release|x86
	EndGlobalSection
	GlobalSection(ProjectConfigurationPlatforms) = postSolution
		{4EFFD54E-DC16-41E7-A523-AF78EF8AF4D3}.Debug|Any CPU.ActiveCfg = Debug|Any CPU
		{4EFFD54E-DC16-41E7-A523-AF78EF8AF4D3}.Debug|Any CPU.Build.0 = Debug|Any CPU
		{4EFFD54E-DC16-41E7-A523-AF78EF8AF4D3}.Debug|arm64.ActiveCfg = Debug|arm64
		{4EFFD54E-DC16-41E7-A523-AF78EF8AF4D3}.Debug|arm64.Build.0 = Debug|arm64
		{4EFFD54E-DC16-41E7-A523-AF78EF8AF4D3}.Debug|x86.ActiveCfg = Debug|x86
		{4EFFD54E-DC16-41E7-A523-AF78EF8AF4D3}.Debug|x86.Build.0 = Debug|x86
		{4EFFD54E-DC16-41E7-A523-AF78EF8AF4D3}.Release|Any CPU.ActiveCfg = Release|Any CPU
		{4EFFD54E-DC16-41E7-A523-AF78EF8AF4D3}.Release|Any CPU.Build.0 = Release|Any CPU
		{4EFFD54E-DC16-41E7-A523-AF78EF8AF4D3}.Release|arm64.ActiveCfg = Release|arm64
		{4EFFD54E-DC16-41E7-A523-AF78EF8AF4D3}.Release|arm64.Build.0 = Release|arm64
		{4EFFD54E-DC16-41E7-A523-AF78EF8AF4D3}.Release|x86.ActiveCfg = Release|x86
		{4EFFD54E-DC16-41E7-A523-AF78EF8AF4D3}.Release|x86.Build.0 = Release|x86
		{D3B81B5D-157E-4E08-8B50-8545A9E434C4}.Debug|Any CPU.ActiveCfg = Debug|Any CPU
		{D3B81B5D-157E-4E08-8B50-8545A9E434C4}.Debug|Any CPU.Build.0 = Debug|Any CPU
		{D3B81B5D-157E-4E08-8B50-8545A9E434C4}.Debug|arm64.ActiveCfg = Debug|Any CPU
		{D3B81B5D-157E-4E08-8B50-8545A9E434C4}.Debug|arm64.Build.0 = Debug|Any CPU
		{D3B81B5D-157E-4E08-8B50-8545A9E434C4}.Debug|x86.ActiveCfg = Debug|Any CPU
		{D3B81B5D-157E-4E08-8B50-8545A9E434C4}.Debug|x86.Build.0 = Debug|Any CPU
		{D3B81B5D-157E-4E08-8B50-8545A9E434C4}.Release|Any CPU.ActiveCfg = Release|Any CPU
		{D3B81B5D-157E-4E08-8B50-8545A9E434C4}.Release|Any CPU.Build.0 = Release|Any CPU
		{D3B81B5D-157E-4E08-8B50-8545A9E434C4}.Release|arm64.ActiveCfg = Release|Any CPU
		{D3B81B5D-157E-4E08-8B50-8545A9E434C4}.Release|arm64.Build.0 = Release|Any CPU
		{D3B81B5D-157E-4E08-8B50-8545A9E434C4}.Release|x86.ActiveCfg = Release|Any CPU
		{D3B81B5D-157E-4E08-8B50-8545A9E434C4}.Release|x86.Build.0 = Release|Any CPU
	EndGlobalSection
	GlobalSection(SolutionProperties) = preSolution
		HideSolutionNode = FALSE
	EndGlobalSection
	GlobalSection(ExtensibilityGlobals) = postSolution
		SolutionGuid = {087D5747-3634-43AD-870D-6B756D4E27F0}
	EndGlobalSection
EndGlobal
